// !$*UTF8*$!
{
	archiveVersion = 1;
	classes = {
	};
	objectVersion = 50;
	objects = {

/* Begin PBXBuildFile section */
		505787C421C3677A00BA9B7D /* MessageViewController.swift in Sources */ = {isa = PBXBuildFile; fileRef = 505787C321C3677A00BA9B7D /* MessageViewController.swift */; };
		505787C621C367A200BA9B7D /* SettingsViewController.swift in Sources */ = {isa = PBXBuildFile; fileRef = 505787C521C367A200BA9B7D /* SettingsViewController.swift */; };
		505787C821C37C7500BA9B7D /* MapViewController.swift in Sources */ = {isa = PBXBuildFile; fileRef = 505787C721C37C7500BA9B7D /* MapViewController.swift */; };
		505787D621C7156D00BA9B7D /* SourceSansPro-Black.otf in Resources */ = {isa = PBXBuildFile; fileRef = 505787CA21C7156C00BA9B7D /* SourceSansPro-Black.otf */; };
		505787D721C7156D00BA9B7D /* SourceSansPro-Bold.otf in Resources */ = {isa = PBXBuildFile; fileRef = 505787CB21C7156C00BA9B7D /* SourceSansPro-Bold.otf */; };
		505787D821C7156D00BA9B7D /* SourceSansPro-ExtraLight.otf in Resources */ = {isa = PBXBuildFile; fileRef = 505787CC21C7156C00BA9B7D /* SourceSansPro-ExtraLight.otf */; };
		505787D921C7156D00BA9B7D /* SourceSansPro-Regular.otf in Resources */ = {isa = PBXBuildFile; fileRef = 505787CD21C7156C00BA9B7D /* SourceSansPro-Regular.otf */; };
		505787DA21C7156D00BA9B7D /* SourceSansPro-BoldIt.otf in Resources */ = {isa = PBXBuildFile; fileRef = 505787CE21C7156C00BA9B7D /* SourceSansPro-BoldIt.otf */; };
		505787DB21C7156D00BA9B7D /* SourceSansPro-BlackIt.otf in Resources */ = {isa = PBXBuildFile; fileRef = 505787CF21C7156C00BA9B7D /* SourceSansPro-BlackIt.otf */; };
		505787DC21C7156D00BA9B7D /* SourceSansPro-It.otf in Resources */ = {isa = PBXBuildFile; fileRef = 505787D021C7156C00BA9B7D /* SourceSansPro-It.otf */; };
		505787DD21C7156D00BA9B7D /* SourceSansPro-SemiboldIt.otf in Resources */ = {isa = PBXBuildFile; fileRef = 505787D121C7156C00BA9B7D /* SourceSansPro-SemiboldIt.otf */; };
		505787DE21C7156D00BA9B7D /* SourceSansPro-ExtraLightIt.otf in Resources */ = {isa = PBXBuildFile; fileRef = 505787D221C7156C00BA9B7D /* SourceSansPro-ExtraLightIt.otf */; };
		505787DF21C7156D00BA9B7D /* SourceSansPro-LightIt.otf in Resources */ = {isa = PBXBuildFile; fileRef = 505787D321C7156D00BA9B7D /* SourceSansPro-LightIt.otf */; };
		505787E021C7156D00BA9B7D /* SourceSansPro-Light.otf in Resources */ = {isa = PBXBuildFile; fileRef = 505787D421C7156D00BA9B7D /* SourceSansPro-Light.otf */; };
		505787E121C7156D00BA9B7D /* SourceSansPro-Semibold.otf in Resources */ = {isa = PBXBuildFile; fileRef = 505787D521C7156D00BA9B7D /* SourceSansPro-Semibold.otf */; };
		505787E321C75CBD00BA9B7D /* ProfileEditViewController.swift in Sources */ = {isa = PBXBuildFile; fileRef = 505787E221C75CBD00BA9B7D /* ProfileEditViewController.swift */; };
		50D2771221BCD33000BEF86E /* AppDelegate.swift in Sources */ = {isa = PBXBuildFile; fileRef = 50D2771121BCD33000BEF86E /* AppDelegate.swift */; };
		50D2771421BCD33000BEF86E /* LoginController.swift in Sources */ = {isa = PBXBuildFile; fileRef = 50D2771321BCD33000BEF86E /* LoginController.swift */; };
		50D2771921BCD33200BEF86E /* Assets.xcassets in Resources */ = {isa = PBXBuildFile; fileRef = 50D2771821BCD33200BEF86E /* Assets.xcassets */; };
		50D2771C21BCD33200BEF86E /* LaunchScreen.storyboard in Resources */ = {isa = PBXBuildFile; fileRef = 50D2771A21BCD33200BEF86E /* LaunchScreen.storyboard */; };
		50D2775821BD770500BEF86E /* Constants.swift in Sources */ = {isa = PBXBuildFile; fileRef = 50D2775721BD770500BEF86E /* Constants.swift */; };
		50D2775A21BE041700BEF86E /* Extensions.swift in Sources */ = {isa = PBXBuildFile; fileRef = 50D2775921BE041700BEF86E /* Extensions.swift */; };
		50D2775C21BE158B00BEF86E /* MainViewController.swift in Sources */ = {isa = PBXBuildFile; fileRef = 50D2775B21BE158B00BEF86E /* MainViewController.swift */; };
		8BED758CAAD0C629B0CB2FB4 /* Pods_spry_sb.framework in Frameworks */ = {isa = PBXBuildFile; fileRef = E0F5493255F3FBDE6AE17E6C /* Pods_spry_sb.framework */; };
/* End PBXBuildFile section */

/* Begin PBXFileReference section */
		3AD3ADF75456B041DDC4CEE1 /* Pods-spry_sb.release.xcconfig */ = {isa = PBXFileReference; includeInIndex = 1; lastKnownFileType = text.xcconfig; name = "Pods-spry_sb.release.xcconfig"; path = "Pods/Target Support Files/Pods-spry_sb/Pods-spry_sb.release.xcconfig"; sourceTree = "<group>"; };
		505787C321C3677A00BA9B7D /* MessageViewController.swift */ = {isa = PBXFileReference; lastKnownFileType = sourcecode.swift; path = MessageViewController.swift; sourceTree = "<group>"; };
		505787C521C367A200BA9B7D /* SettingsViewController.swift */ = {isa = PBXFileReference; lastKnownFileType = sourcecode.swift; path = SettingsViewController.swift; sourceTree = "<group>"; wrapsLines = 0; };
		505787C721C37C7500BA9B7D /* MapViewController.swift */ = {isa = PBXFileReference; lastKnownFileType = sourcecode.swift; path = MapViewController.swift; sourceTree = "<group>"; };
		505787CA21C7156C00BA9B7D /* SourceSansPro-Black.otf */ = {isa = PBXFileReference; lastKnownFileType = file; path = "SourceSansPro-Black.otf"; sourceTree = "<group>"; };
		505787CB21C7156C00BA9B7D /* SourceSansPro-Bold.otf */ = {isa = PBXFileReference; lastKnownFileType = file; path = "SourceSansPro-Bold.otf"; sourceTree = "<group>"; };
		505787CC21C7156C00BA9B7D /* SourceSansPro-ExtraLight.otf */ = {isa = PBXFileReference; lastKnownFileType = file; path = "SourceSansPro-ExtraLight.otf"; sourceTree = "<group>"; };
		505787CD21C7156C00BA9B7D /* SourceSansPro-Regular.otf */ = {isa = PBXFileReference; lastKnownFileType = file; path = "SourceSansPro-Regular.otf"; sourceTree = "<group>"; };
		505787CE21C7156C00BA9B7D /* SourceSansPro-BoldIt.otf */ = {isa = PBXFileReference; lastKnownFileType = file; path = "SourceSansPro-BoldIt.otf"; sourceTree = "<group>"; };
		505787CF21C7156C00BA9B7D /* SourceSansPro-BlackIt.otf */ = {isa = PBXFileReference; lastKnownFileType = file; path = "SourceSansPro-BlackIt.otf"; sourceTree = "<group>"; };
		505787D021C7156C00BA9B7D /* SourceSansPro-It.otf */ = {isa = PBXFileReference; lastKnownFileType = file; path = "SourceSansPro-It.otf"; sourceTree = "<group>"; };
		505787D121C7156C00BA9B7D /* SourceSansPro-SemiboldIt.otf */ = {isa = PBXFileReference; lastKnownFileType = file; path = "SourceSansPro-SemiboldIt.otf"; sourceTree = "<group>"; };
		505787D221C7156C00BA9B7D /* SourceSansPro-ExtraLightIt.otf */ = {isa = PBXFileReference; lastKnownFileType = file; path = "SourceSansPro-ExtraLightIt.otf"; sourceTree = "<group>"; };
		505787D321C7156D00BA9B7D /* SourceSansPro-LightIt.otf */ = {isa = PBXFileReference; lastKnownFileType = file; path = "SourceSansPro-LightIt.otf"; sourceTree = "<group>"; };
		505787D421C7156D00BA9B7D /* SourceSansPro-Light.otf */ = {isa = PBXFileReference; lastKnownFileType = file; path = "SourceSansPro-Light.otf"; sourceTree = "<group>"; };
		505787D521C7156D00BA9B7D /* SourceSansPro-Semibold.otf */ = {isa = PBXFileReference; lastKnownFileType = file; path = "SourceSansPro-Semibold.otf"; sourceTree = "<group>"; };
		505787E221C75CBD00BA9B7D /* ProfileEditViewController.swift */ = {isa = PBXFileReference; lastKnownFileType = sourcecode.swift; path = ProfileEditViewController.swift; sourceTree = "<group>"; };
		50D2770E21BCD33000BEF86E /* spry_sb.app */ = {isa = PBXFileReference; explicitFileType = wrapper.application; includeInIndex = 0; path = spry_sb.app; sourceTree = BUILT_PRODUCTS_DIR; };
		50D2771121BCD33000BEF86E /* AppDelegate.swift */ = {isa = PBXFileReference; lastKnownFileType = sourcecode.swift; path = AppDelegate.swift; sourceTree = "<group>"; };
		50D2771321BCD33000BEF86E /* LoginController.swift */ = {isa = PBXFileReference; lastKnownFileType = sourcecode.swift; path = LoginController.swift; sourceTree = "<group>"; };
		50D2771821BCD33200BEF86E /* Assets.xcassets */ = {isa = PBXFileReference; lastKnownFileType = folder.assetcatalog; path = Assets.xcassets; sourceTree = "<group>"; };
		50D2771B21BCD33200BEF86E /* Base */ = {isa = PBXFileReference; lastKnownFileType = file.storyboard; name = Base; path = Base.lproj/LaunchScreen.storyboard; sourceTree = "<group>"; };
		50D2771D21BCD33200BEF86E /* Info.plist */ = {isa = PBXFileReference; lastKnownFileType = text.plist.xml; path = Info.plist; sourceTree = "<group>"; };
		50D2775721BD770500BEF86E /* Constants.swift */ = {isa = PBXFileReference; lastKnownFileType = sourcecode.swift; path = Constants.swift; sourceTree = "<group>"; };
		50D2775921BE041700BEF86E /* Extensions.swift */ = {isa = PBXFileReference; lastKnownFileType = sourcecode.swift; path = Extensions.swift; sourceTree = "<group>"; };
		50D2775B21BE158B00BEF86E /* MainViewController.swift */ = {isa = PBXFileReference; lastKnownFileType = sourcecode.swift; path = MainViewController.swift; sourceTree = "<group>"; };
		B657012F2263088967F649C7 /* Pods-spry_sb.debug.xcconfig */ = {isa = PBXFileReference; includeInIndex = 1; lastKnownFileType = text.xcconfig; name = "Pods-spry_sb.debug.xcconfig"; path = "Pods/Target Support Files/Pods-spry_sb/Pods-spry_sb.debug.xcconfig"; sourceTree = "<group>"; };
		E0F5493255F3FBDE6AE17E6C /* Pods_spry_sb.framework */ = {isa = PBXFileReference; explicitFileType = wrapper.framework; includeInIndex = 0; path = Pods_spry_sb.framework; sourceTree = BUILT_PRODUCTS_DIR; };
/* End PBXFileReference section */

/* Begin PBXFrameworksBuildPhase section */
		50D2770B21BCD33000BEF86E /* Frameworks */ = {
			isa = PBXFrameworksBuildPhase;
			buildActionMask = 2147483647;
			files = (
				8BED758CAAD0C629B0CB2FB4 /* Pods_spry_sb.framework in Frameworks */,
			);
			runOnlyForDeploymentPostprocessing = 0;
		};
/* End PBXFrameworksBuildPhase section */

/* Begin PBXGroup section */
		13A28FE705C9AB79D904E3EF /* Frameworks */ = {
			isa = PBXGroup;
			children = (
				E0F5493255F3FBDE6AE17E6C /* Pods_spry_sb.framework */,
			);
			name = Frameworks;
			sourceTree = "<group>";
		};
		505787C921C7154300BA9B7D /* fonts */ = {
			isa = PBXGroup;
			children = (
				505787CA21C7156C00BA9B7D /* SourceSansPro-Black.otf */,
				505787CF21C7156C00BA9B7D /* SourceSansPro-BlackIt.otf */,
				505787CB21C7156C00BA9B7D /* SourceSansPro-Bold.otf */,
				505787CE21C7156C00BA9B7D /* SourceSansPro-BoldIt.otf */,
				505787CC21C7156C00BA9B7D /* SourceSansPro-ExtraLight.otf */,
				505787D221C7156C00BA9B7D /* SourceSansPro-ExtraLightIt.otf */,
				505787D021C7156C00BA9B7D /* SourceSansPro-It.otf */,
				505787D421C7156D00BA9B7D /* SourceSansPro-Light.otf */,
				505787D321C7156D00BA9B7D /* SourceSansPro-LightIt.otf */,
				505787CD21C7156C00BA9B7D /* SourceSansPro-Regular.otf */,
				505787D521C7156D00BA9B7D /* SourceSansPro-Semibold.otf */,
				505787D121C7156C00BA9B7D /* SourceSansPro-SemiboldIt.otf */,
			);
			path = fonts;
			sourceTree = "<group>";
		};
		50D2770521BCD33000BEF86E = {
			isa = PBXGroup;
			children = (
				50D2771021BCD33000BEF86E /* spry_sb */,
				50D2770F21BCD33000BEF86E /* Products */,
				9F9FADA98E761498E1E48B98 /* Pods */,
				13A28FE705C9AB79D904E3EF /* Frameworks */,
			);
			sourceTree = "<group>";
		};
		50D2770F21BCD33000BEF86E /* Products */ = {
			isa = PBXGroup;
			children = (
				50D2770E21BCD33000BEF86E /* spry_sb.app */,
			);
			name = Products;
			sourceTree = "<group>";
		};
		50D2771021BCD33000BEF86E /* spry_sb */ = {
			isa = PBXGroup;
			children = (
				505787C921C7154300BA9B7D /* fonts */,
				50D2775621BD76E700BEF86E /* Utils */,
				50D2771121BCD33000BEF86E /* AppDelegate.swift */,
				505787C321C3677A00BA9B7D /* MessageViewController.swift */,
				50D2771321BCD33000BEF86E /* LoginController.swift */,
				50D2771821BCD33200BEF86E /* Assets.xcassets */,
				50D2771A21BCD33200BEF86E /* LaunchScreen.storyboard */,
				50D2771D21BCD33200BEF86E /* Info.plist */,
				50D2775B21BE158B00BEF86E /* MainViewController.swift */,
				505787C521C367A200BA9B7D /* SettingsViewController.swift */,
				505787C721C37C7500BA9B7D /* MapViewController.swift */,
				505787E221C75CBD00BA9B7D /* ProfileEditViewController.swift */,
			);
			path = spry_sb;
			sourceTree = "<group>";
		};
		50D2775621BD76E700BEF86E /* Utils */ = {
			isa = PBXGroup;
			children = (
				50D2775721BD770500BEF86E /* Constants.swift */,
				50D2775921BE041700BEF86E /* Extensions.swift */,
			);
			path = Utils;
			sourceTree = "<group>";
		};
		9F9FADA98E761498E1E48B98 /* Pods */ = {
			isa = PBXGroup;
			children = (
				B657012F2263088967F649C7 /* Pods-spry_sb.debug.xcconfig */,
				3AD3ADF75456B041DDC4CEE1 /* Pods-spry_sb.release.xcconfig */,
			);
			name = Pods;
			sourceTree = "<group>";
		};
/* End PBXGroup section */

/* Begin PBXNativeTarget section */
		50D2770D21BCD33000BEF86E /* spry_sb */ = {
			isa = PBXNativeTarget;
			buildConfigurationList = 50D2772021BCD33200BEF86E /* Build configuration list for PBXNativeTarget "spry_sb" */;
			buildPhases = (
				2126FEB38DEED7C4ADC2DB86 /* [CP] Check Pods Manifest.lock */,
				50D2770A21BCD33000BEF86E /* Sources */,
				50D2770B21BCD33000BEF86E /* Frameworks */,
				50D2770C21BCD33000BEF86E /* Resources */,
				CE9A297A4C207617208033DA /* [CP] Embed Pods Frameworks */,
			);
			buildRules = (
			);
			dependencies = (
			);
			name = spry_sb;
			productName = spry_sb;
			productReference = 50D2770E21BCD33000BEF86E /* spry_sb.app */;
			productType = "com.apple.product-type.application";
		};
/* End PBXNativeTarget section */

/* Begin PBXProject section */
		50D2770621BCD33000BEF86E /* Project object */ = {
			isa = PBXProject;
			attributes = {
				LastSwiftUpdateCheck = 1010;
				LastUpgradeCheck = 1010;
				ORGANIZATIONNAME = spryup;
				TargetAttributes = {
					50D2770D21BCD33000BEF86E = {
						CreatedOnToolsVersion = 10.1;
						LastSwiftMigration = 1020;
					};
				};
			};
			buildConfigurationList = 50D2770921BCD33000BEF86E /* Build configuration list for PBXProject "spry_sb" */;
			compatibilityVersion = "Xcode 9.3";
			developmentRegion = en;
			hasScannedForEncodings = 0;
			knownRegions = (
				en,
				Base,
			);
			mainGroup = 50D2770521BCD33000BEF86E;
			productRefGroup = 50D2770F21BCD33000BEF86E /* Products */;
			projectDirPath = "";
			projectRoot = "";
			targets = (
				50D2770D21BCD33000BEF86E /* spry_sb */,
			);
		};
/* End PBXProject section */

/* Begin PBXResourcesBuildPhase section */
		50D2770C21BCD33000BEF86E /* Resources */ = {
			isa = PBXResourcesBuildPhase;
			buildActionMask = 2147483647;
			files = (
				505787E121C7156D00BA9B7D /* SourceSansPro-Semibold.otf in Resources */,
				505787D821C7156D00BA9B7D /* SourceSansPro-ExtraLight.otf in Resources */,
				505787DC21C7156D00BA9B7D /* SourceSansPro-It.otf in Resources */,
				50D2771C21BCD33200BEF86E /* LaunchScreen.storyboard in Resources */,
				505787DA21C7156D00BA9B7D /* SourceSansPro-BoldIt.otf in Resources */,
				505787E021C7156D00BA9B7D /* SourceSansPro-Light.otf in Resources */,
				505787D921C7156D00BA9B7D /* SourceSansPro-Regular.otf in Resources */,
				505787D621C7156D00BA9B7D /* SourceSansPro-Black.otf in Resources */,
				505787D721C7156D00BA9B7D /* SourceSansPro-Bold.otf in Resources */,
				505787DB21C7156D00BA9B7D /* SourceSansPro-BlackIt.otf in Resources */,
				50D2771921BCD33200BEF86E /* Assets.xcassets in Resources */,
				505787DF21C7156D00BA9B7D /* SourceSansPro-LightIt.otf in Resources */,
				505787DD21C7156D00BA9B7D /* SourceSansPro-SemiboldIt.otf in Resources */,
				505787DE21C7156D00BA9B7D /* SourceSansPro-ExtraLightIt.otf in Resources */,
			);
			runOnlyForDeploymentPostprocessing = 0;
		};
/* End PBXResourcesBuildPhase section */

/* Begin PBXShellScriptBuildPhase section */
		2126FEB38DEED7C4ADC2DB86 /* [CP] Check Pods Manifest.lock */ = {
			isa = PBXShellScriptBuildPhase;
			buildActionMask = 2147483647;
			files = (
			);
			inputFileListPaths = (
			);
			inputPaths = (
				"${PODS_PODFILE_DIR_PATH}/Podfile.lock",
				"${PODS_ROOT}/Manifest.lock",
			);
			name = "[CP] Check Pods Manifest.lock";
			outputFileListPaths = (
			);
			outputPaths = (
				"$(DERIVED_FILE_DIR)/Pods-spry_sb-checkManifestLockResult.txt",
			);
			runOnlyForDeploymentPostprocessing = 0;
			shellPath = /bin/sh;
			shellScript = "diff \"${PODS_PODFILE_DIR_PATH}/Podfile.lock\" \"${PODS_ROOT}/Manifest.lock\" > /dev/null\nif [ $? != 0 ] ; then\n    # print error to STDERR\n    echo \"error: The sandbox is not in sync with the Podfile.lock. Run 'pod install' or update your CocoaPods installation.\" >&2\n    exit 1\nfi\n# This output is used by Xcode 'outputs' to avoid re-running this script phase.\necho \"SUCCESS\" > \"${SCRIPT_OUTPUT_FILE_0}\"\n";
			showEnvVarsInLog = 0;
		};
		CE9A297A4C207617208033DA /* [CP] Embed Pods Frameworks */ = {
			isa = PBXShellScriptBuildPhase;
			buildActionMask = 2147483647;
			files = (
			);
			inputFileListPaths = (
			);
			inputPaths = (
				"${SRCROOT}/Pods/Target Support Files/Pods-spry_sb/Pods-spry_sb-frameworks.sh",
				"${BUILT_PRODUCTS_DIR}/FoldingCell/FoldingCell.framework",
				"${BUILT_PRODUCTS_DIR}/LayoutKit/LayoutKit.framework",
				"${BUILT_PRODUCTS_DIR}/SnapKit/SnapKit.framework",
				"${BUILT_PRODUCTS_DIR}/SwiftyJSON/SwiftyJSON.framework",
				"${BUILT_PRODUCTS_DIR}/Toucan/Toucan.framework",
			);
			name = "[CP] Embed Pods Frameworks";
			outputFileListPaths = (
			);
			outputPaths = (
				"${TARGET_BUILD_DIR}/${FRAMEWORKS_FOLDER_PATH}/FoldingCell.framework",
				"${TARGET_BUILD_DIR}/${FRAMEWORKS_FOLDER_PATH}/LayoutKit.framework",
				"${TARGET_BUILD_DIR}/${FRAMEWORKS_FOLDER_PATH}/SnapKit.framework",
				"${TARGET_BUILD_DIR}/${FRAMEWORKS_FOLDER_PATH}/SwiftyJSON.framework",
				"${TARGET_BUILD_DIR}/${FRAMEWORKS_FOLDER_PATH}/Toucan.framework",
			);
			runOnlyForDeploymentPostprocessing = 0;
			shellPath = /bin/sh;
			shellScript = "\"${SRCROOT}/Pods/Target Support Files/Pods-spry_sb/Pods-spry_sb-frameworks.sh\"\n";
			showEnvVarsInLog = 0;
		};
/* End PBXShellScriptBuildPhase section */

/* Begin PBXSourcesBuildPhase section */
		50D2770A21BCD33000BEF86E /* Sources */ = {
			isa = PBXSourcesBuildPhase;
			buildActionMask = 2147483647;
			files = (
				50D2771421BCD33000BEF86E /* LoginController.swift in Sources */,
				505787E321C75CBD00BA9B7D /* ProfileEditViewController.swift in Sources */,
				50D2775C21BE158B00BEF86E /* MainViewController.swift in Sources */,
				505787C621C367A200BA9B7D /* SettingsViewController.swift in Sources */,
				50D2771221BCD33000BEF86E /* AppDelegate.swift in Sources */,
				50D2775821BD770500BEF86E /* Constants.swift in Sources */,
				505787C421C3677A00BA9B7D /* MessageViewController.swift in Sources */,
				50D2775A21BE041700BEF86E /* Extensions.swift in Sources */,
				505787C821C37C7500BA9B7D /* MapViewController.swift in Sources */,
			);
			runOnlyForDeploymentPostprocessing = 0;
		};
/* End PBXSourcesBuildPhase section */

/* Begin PBXVariantGroup section */
		50D2771A21BCD33200BEF86E /* LaunchScreen.storyboard */ = {
			isa = PBXVariantGroup;
			children = (
				50D2771B21BCD33200BEF86E /* Base */,
			);
			name = LaunchScreen.storyboard;
			sourceTree = "<group>";
		};
/* End PBXVariantGroup section */

/* Begin XCBuildConfiguration section */
		50D2771E21BCD33200BEF86E /* Debug */ = {
			isa = XCBuildConfiguration;
			buildSettings = {
				ALWAYS_SEARCH_USER_PATHS = NO;
				CLANG_ANALYZER_NONNULL = YES;
				CLANG_ANALYZER_NUMBER_OBJECT_CONVERSION = YES_AGGRESSIVE;
				CLANG_CXX_LANGUAGE_STANDARD = "gnu++14";
				CLANG_CXX_LIBRARY = "libc++";
				CLANG_ENABLE_MODULES = YES;
				CLANG_ENABLE_OBJC_ARC = YES;
				CLANG_ENABLE_OBJC_WEAK = YES;
				CLANG_WARN_BLOCK_CAPTURE_AUTORELEASING = YES;
				CLANG_WARN_BOOL_CONVERSION = YES;
				CLANG_WARN_COMMA = YES;
				CLANG_WARN_CONSTANT_CONVERSION = YES;
				CLANG_WARN_DEPRECATED_OBJC_IMPLEMENTATIONS = YES;
				CLANG_WARN_DIRECT_OBJC_ISA_USAGE = YES_ERROR;
				CLANG_WARN_DOCUMENTATION_COMMENTS = YES;
				CLANG_WARN_EMPTY_BODY = YES;
				CLANG_WARN_ENUM_CONVERSION = YES;
				CLANG_WARN_INFINITE_RECURSION = YES;
				CLANG_WARN_INT_CONVERSION = YES;
				CLANG_WARN_NON_LITERAL_NULL_CONVERSION = YES;
				CLANG_WARN_OBJC_IMPLICIT_RETAIN_SELF = YES;
				CLANG_WARN_OBJC_LITERAL_CONVERSION = YES;
				CLANG_WARN_OBJC_ROOT_CLASS = YES_ERROR;
				CLANG_WARN_RANGE_LOOP_ANALYSIS = YES;
				CLANG_WARN_STRICT_PROTOTYPES = YES;
				CLANG_WARN_SUSPICIOUS_MOVE = YES;
				CLANG_WARN_UNGUARDED_AVAILABILITY = YES_AGGRESSIVE;
				CLANG_WARN_UNREACHABLE_CODE = YES;
				CLANG_WARN__DUPLICATE_METHOD_MATCH = YES;
				CODE_SIGN_IDENTITY = "iPhone Developer";
				COPY_PHASE_STRIP = NO;
				DEBUG_INFORMATION_FORMAT = dwarf;
				ENABLE_STRICT_OBJC_MSGSEND = YES;
				ENABLE_TESTABILITY = YES;
				GCC_C_LANGUAGE_STANDARD = gnu11;
				GCC_DYNAMIC_NO_PIC = NO;
				GCC_NO_COMMON_BLOCKS = YES;
				GCC_OPTIMIZATION_LEVEL = 0;
				GCC_PREPROCESSOR_DEFINITIONS = (
					"DEBUG=1",
					"$(inherited)",
				);
				GCC_WARN_64_TO_32_BIT_CONVERSION = YES;
				GCC_WARN_ABOUT_RETURN_TYPE = YES_ERROR;
				GCC_WARN_UNDECLARED_SELECTOR = YES;
				GCC_WARN_UNINITIALIZED_AUTOS = YES_AGGRESSIVE;
				GCC_WARN_UNUSED_FUNCTION = YES;
				GCC_WARN_UNUSED_VARIABLE = YES;
				IPHONEOS_DEPLOYMENT_TARGET = 12.1;
				MTL_ENABLE_DEBUG_INFO = INCLUDE_SOURCE;
				MTL_FAST_MATH = YES;
				ONLY_ACTIVE_ARCH = YES;
				SDKROOT = iphoneos;
				SWIFT_ACTIVE_COMPILATION_CONDITIONS = DEBUG;
				SWIFT_OPTIMIZATION_LEVEL = "-Onone";
			};
			name = Debug;
		};
		50D2771F21BCD33200BEF86E /* Release */ = {
			isa = XCBuildConfiguration;
			buildSettings = {
				ALWAYS_SEARCH_USER_PATHS = NO;
				CLANG_ANALYZER_NONNULL = YES;
				CLANG_ANALYZER_NUMBER_OBJECT_CONVERSION = YES_AGGRESSIVE;
				CLANG_CXX_LANGUAGE_STANDARD = "gnu++14";
				CLANG_CXX_LIBRARY = "libc++";
				CLANG_ENABLE_MODULES = YES;
				CLANG_ENABLE_OBJC_ARC = YES;
				CLANG_ENABLE_OBJC_WEAK = YES;
				CLANG_WARN_BLOCK_CAPTURE_AUTORELEASING = YES;
				CLANG_WARN_BOOL_CONVERSION = YES;
				CLANG_WARN_COMMA = YES;
				CLANG_WARN_CONSTANT_CONVERSION = YES;
				CLANG_WARN_DEPRECATED_OBJC_IMPLEMENTATIONS = YES;
				CLANG_WARN_DIRECT_OBJC_ISA_USAGE = YES_ERROR;
				CLANG_WARN_DOCUMENTATION_COMMENTS = YES;
				CLANG_WARN_EMPTY_BODY = YES;
				CLANG_WARN_ENUM_CONVERSION = YES;
				CLANG_WARN_INFINITE_RECURSION = YES;
				CLANG_WARN_INT_CONVERSION = YES;
				CLANG_WARN_NON_LITERAL_NULL_CONVERSION = YES;
				CLANG_WARN_OBJC_IMPLICIT_RETAIN_SELF = YES;
				CLANG_WARN_OBJC_LITERAL_CONVERSION = YES;
				CLANG_WARN_OBJC_ROOT_CLASS = YES_ERROR;
				CLANG_WARN_RANGE_LOOP_ANALYSIS = YES;
				CLANG_WARN_STRICT_PROTOTYPES = YES;
				CLANG_WARN_SUSPICIOUS_MOVE = YES;
				CLANG_WARN_UNGUARDED_AVAILABILITY = YES_AGGRESSIVE;
				CLANG_WARN_UNREACHABLE_CODE = YES;
				CLANG_WARN__DUPLICATE_METHOD_MATCH = YES;
				CODE_SIGN_IDENTITY = "iPhone Developer";
				COPY_PHASE_STRIP = NO;
				DEBUG_INFORMATION_FORMAT = "dwarf-with-dsym";
				ENABLE_NS_ASSERTIONS = NO;
				ENABLE_STRICT_OBJC_MSGSEND = YES;
				GCC_C_LANGUAGE_STANDARD = gnu11;
				GCC_NO_COMMON_BLOCKS = YES;
				GCC_WARN_64_TO_32_BIT_CONVERSION = YES;
				GCC_WARN_ABOUT_RETURN_TYPE = YES_ERROR;
				GCC_WARN_UNDECLARED_SELECTOR = YES;
				GCC_WARN_UNINITIALIZED_AUTOS = YES_AGGRESSIVE;
				GCC_WARN_UNUSED_FUNCTION = YES;
				GCC_WARN_UNUSED_VARIABLE = YES;
				IPHONEOS_DEPLOYMENT_TARGET = 12.1;
				MTL_ENABLE_DEBUG_INFO = NO;
				MTL_FAST_MATH = YES;
				SDKROOT = iphoneos;
				SWIFT_COMPILATION_MODE = wholemodule;
				SWIFT_OPTIMIZATION_LEVEL = "-O";
				VALIDATE_PRODUCT = YES;
			};
			name = Release;
		};
		50D2772121BCD33200BEF86E /* Debug */ = {
			isa = XCBuildConfiguration;
			baseConfigurationReference = B657012F2263088967F649C7 /* Pods-spry_sb.debug.xcconfig */;
			buildSettings = {
				ASSETCATALOG_COMPILER_APPICON_NAME = AppIcon;
				CODE_SIGN_STYLE = Automatic;
				DEVELOPMENT_TEAM = 9B569EUQ4P;
				INFOPLIST_FILE = spry_sb/Info.plist;
				LD_RUNPATH_SEARCH_PATHS = (
					"$(inherited)",
					"@executable_path/Frameworks",
				);
				PRODUCT_BUNDLE_IDENTIFIER = "com.spry.spry-sb";
				PRODUCT_NAME = "$(TARGET_NAME)";
				SWIFT_VERSION = 5.0;
				TARGETED_DEVICE_FAMILY = "1,2";
			};
			name = Debug;
		};
		50D2772221BCD33200BEF86E /* Release */ = {
			isa = XCBuildConfiguration;
			baseConfigurationReference = 3AD3ADF75456B041DDC4CEE1 /* Pods-spry_sb.release.xcconfig */;
			buildSettings = {
				ASSETCATALOG_COMPILER_APPICON_NAME = AppIcon;
				CODE_SIGN_STYLE = Automatic;
				DEVELOPMENT_TEAM = 9B569EUQ4P;
				INFOPLIST_FILE = spry_sb/Info.plist;
				LD_RUNPATH_SEARCH_PATHS = (
					"$(inherited)",
					"@executable_path/Frameworks",
				);
				PRODUCT_BUNDLE_IDENTIFIER = "com.spry.spry-sb";
				PRODUCT_NAME = "$(TARGET_NAME)";
				SWIFT_VERSION = 5.0;
				TARGETED_DEVICE_FAMILY = "1,2";
			};
			name = Release;
		};
/* End XCBuildConfiguration section */

/* Begin XCConfigurationList section */
		50D2770921BCD33000BEF86E /* Build configuration list for PBXProject "spry_sb" */ = {
			isa = XCConfigurationList;
			buildConfigurations = (
				50D2771E21BCD33200BEF86E /* Debug */,
				50D2771F21BCD33200BEF86E /* Release */,
			);
			defaultConfigurationIsVisible = 0;
			defaultConfigurationName = Release;
		};
		50D2772021BCD33200BEF86E /* Build configuration list for PBXNativeTarget "spry_sb" */ = {
			isa = XCConfigurationList;
			buildConfigurations = (
				50D2772121BCD33200BEF86E /* Debug */,
				50D2772221BCD33200BEF86E /* Release */,
			);
			defaultConfigurationIsVisible = 0;
			defaultConfigurationName = Release;
		};
/* End XCConfigurationList section */
	};
	rootObject = 50D2770621BCD33000BEF86E /* Project object */;
}
